
Microsoft Visual Studio Solution File, Format Version 12.00
# Visual Studio Version 16
VisualStudioVersion = 16.0.30523.141
MinimumVisualStudioVersion = 10.0.40219.1
Project("{FAE04EC0-301F-11D3-BF4B-00C04F79EFBC}") = "MyDictionary", "MyDictionary\MyDictionary.csproj", "{77208BAC-CFDF-4E4C-8D71-63E27F8B9E28}"
EndProject
Global
	GlobalSection(SolutionConfigurationPlatforms) = preSolution
		Debug|Any CPU = Debug|Any CPU
		Release|Any CPU = Release|Any CPU
	EndGlobalSection
	GlobalSection(ProjectConfigurationPlatforms) = postSolution
		{77208BAC-CFDF-4E4C-8D71-63E27F8B9E28}.Debug|Any CPU.ActiveCfg = Debug|Any CPU
		{77208BAC-CFDF-4E4C-8D71-63E27F8B9E28}.Debug|Any CPU.Build.0 = Debug|Any CPU
		{77208BAC-CFDF-4E4C-8D71-63E27F8B9E28}.Release|Any CPU.ActiveCfg = Release|Any CPU
		{77208BAC-CFDF-4E4C-8D71-63E27F8B9E28}.Release|Any CPU.Build.0 = Release|Any CPU
	EndGlobalSection
	GlobalSection(SolutionProperties) = preSolution
		HideSolutionNode = FALSE
	EndGlobalSection
	GlobalSection(ExtensibilityGlobals) = postSolution
		SolutionGuid = {E62A791A-3AB4-47FA-89B1-45C97DED7DD8}
	EndGlobalSection
EndGlobal
